// !$*UTF8*$!
{
	archiveVersion = 1;
	classes = {
	};
	objectVersion = 56;
	objects = {

/* Begin PBXBuildFile section */
		6937577D2C062127003A84E2 /* Chip8iEmulatorApp.swift in Sources */ = {isa = PBXBuildFile; fileRef = 6937577C2C062127003A84E2 /* Chip8iEmulatorApp.swift */; };
		693757812C062128003A84E2 /* Assets.xcassets in Resources */ = {isa = PBXBuildFile; fileRef = 693757802C062128003A84E2 /* Assets.xcassets */; };
		693757852C062128003A84E2 /* Preview Assets.xcassets in Resources */ = {isa = PBXBuildFile; fileRef = 693757842C062128003A84E2 /* Preview Assets.xcassets */; };
		6937578F2C062128003A84E2 /* Chip8SystemTests.swift in Sources */ = {isa = PBXBuildFile; fileRef = 6937578E2C062128003A84E2 /* Chip8SystemTests.swift */; };
		693757A82C0621C7003A84E2 /* Chip8EmuCore.swift in Sources */ = {isa = PBXBuildFile; fileRef = 693757A72C0621C7003A84E2 /* Chip8EmuCore.swift */; };
		693757AB2C062289003A84E2 /* Chip8System.swift in Sources */ = {isa = PBXBuildFile; fileRef = 693757AA2C062289003A84E2 /* Chip8System.swift */; };
		696AA1D42C45D78600EEB4C6 /* test_opcode.ch8 in Resources */ = {isa = PBXBuildFile; fileRef = 696AA1D32C45D78600EEB4C6 /* test_opcode.ch8 */; };
		696AA1D52C45D78600EEB4C6 /* test_opcode.ch8 in Resources */ = {isa = PBXBuildFile; fileRef = 696AA1D32C45D78600EEB4C6 /* test_opcode.ch8 */; };
		698EDA2F2C4C23DC00AB70C2 /* Chip8EmuCore.swift in Sources */ = {isa = PBXBuildFile; fileRef = 693757A72C0621C7003A84E2 /* Chip8EmuCore.swift */; };
		698EDA302C4C23DF00AB70C2 /* Chip8System.swift in Sources */ = {isa = PBXBuildFile; fileRef = 693757AA2C062289003A84E2 /* Chip8System.swift */; };
		698EDA312C4C23E200AB70C2 /* Chip8System+Constants.swift in Sources */ = {isa = PBXBuildFile; fileRef = 69B5B72E2C2A25DA00BBBAB7 /* Chip8System+Constants.swift */; };
		698EDA332C4C23E900AB70C2 /* Chip8Operation.swift in Sources */ = {isa = PBXBuildFile; fileRef = 699366162C28D92600114AE9 /* Chip8Operation.swift */; };
		699366172C28D92600114AE9 /* Chip8Operation.swift in Sources */ = {isa = PBXBuildFile; fileRef = 699366162C28D92600114AE9 /* Chip8Operation.swift */; };
		69B5B72F2C2A25DA00BBBAB7 /* Chip8System+Constants.swift in Sources */ = {isa = PBXBuildFile; fileRef = 69B5B72E2C2A25DA00BBBAB7 /* Chip8System+Constants.swift */; };
		69EB30982C1781B900B44961 /* ContentView.swift in Sources */ = {isa = PBXBuildFile; fileRef = 6937577E2C062127003A84E2 /* ContentView.swift */; };
		69EB30A42C17974900B44961 /* DisplayTest.ch8 in Resources */ = {isa = PBXBuildFile; fileRef = 69EB30A32C17974900B44961 /* DisplayTest.ch8 */; };
		69F75ECB2C90AC6B00100B52 /* Chip8OperationParser.swift in Sources */ = {isa = PBXBuildFile; fileRef = 69F75ECA2C90AC6B00100B52 /* Chip8OperationParser.swift */; };
		69F75ECD2C90AECD00100B52 /* SystemExtensions.swift in Sources */ = {isa = PBXBuildFile; fileRef = 69F75ECC2C90AECD00100B52 /* SystemExtensions.swift */; };
		69F75ECF2C90DBD200100B52 /* 7-beep.ch8 in Resources */ = {isa = PBXBuildFile; fileRef = 69F75ECE2C90DBD200100B52 /* 7-beep.ch8 */; };
/* End PBXBuildFile section */

/* Begin PBXContainerItemProxy section */
		6937578B2C062128003A84E2 /* PBXContainerItemProxy */ = {
			isa = PBXContainerItemProxy;
			containerPortal = 693757712C062127003A84E2 /* Project object */;
			proxyType = 1;
			remoteGlobalIDString = 693757782C062127003A84E2;
			remoteInfo = Chip8iEmulator;
		};
/* End PBXContainerItemProxy section */

/* Begin PBXFileReference section */
		693757792C062127003A84E2 /* Chip8iEmulator.app */ = {isa = PBXFileReference; explicitFileType = wrapper.application; includeInIndex = 0; path = Chip8iEmulator.app; sourceTree = BUILT_PRODUCTS_DIR; };
		6937577C2C062127003A84E2 /* Chip8iEmulatorApp.swift */ = {isa = PBXFileReference; lastKnownFileType = sourcecode.swift; path = Chip8iEmulatorApp.swift; sourceTree = "<group>"; };
		6937577E2C062127003A84E2 /* ContentView.swift */ = {isa = PBXFileReference; lastKnownFileType = sourcecode.swift; path = ContentView.swift; sourceTree = "<group>"; };
		693757802C062128003A84E2 /* Assets.xcassets */ = {isa = PBXFileReference; lastKnownFileType = folder.assetcatalog; path = Assets.xcassets; sourceTree = "<group>"; };
		693757822C062128003A84E2 /* Chip8iEmulator.entitlements */ = {isa = PBXFileReference; lastKnownFileType = text.plist.entitlements; path = Chip8iEmulator.entitlements; sourceTree = "<group>"; };
		693757842C062128003A84E2 /* Preview Assets.xcassets */ = {isa = PBXFileReference; lastKnownFileType = folder.assetcatalog; path = "Preview Assets.xcassets"; sourceTree = "<group>"; };
		6937578A2C062128003A84E2 /* Chip8iEmulatorTests.xctest */ = {isa = PBXFileReference; explicitFileType = wrapper.cfbundle; includeInIndex = 0; path = Chip8iEmulatorTests.xctest; sourceTree = BUILT_PRODUCTS_DIR; };
		6937578E2C062128003A84E2 /* Chip8SystemTests.swift */ = {isa = PBXFileReference; lastKnownFileType = sourcecode.swift; path = Chip8SystemTests.swift; sourceTree = "<group>"; };
		693757A72C0621C7003A84E2 /* Chip8EmuCore.swift */ = {isa = PBXFileReference; lastKnownFileType = sourcecode.swift; path = Chip8EmuCore.swift; sourceTree = "<group>"; };
		693757AA2C062289003A84E2 /* Chip8System.swift */ = {isa = PBXFileReference; lastKnownFileType = sourcecode.swift; path = Chip8System.swift; sourceTree = "<group>"; };
		696AA1D32C45D78600EEB4C6 /* test_opcode.ch8 */ = {isa = PBXFileReference; lastKnownFileType = file; path = test_opcode.ch8; sourceTree = "<group>"; };
		699366162C28D92600114AE9 /* Chip8Operation.swift */ = {isa = PBXFileReference; lastKnownFileType = sourcecode.swift; path = Chip8Operation.swift; sourceTree = "<group>"; };
		69B5B72E2C2A25DA00BBBAB7 /* Chip8System+Constants.swift */ = {isa = PBXFileReference; lastKnownFileType = sourcecode.swift; path = "Chip8System+Constants.swift"; sourceTree = "<group>"; };
		69EB30A32C17974900B44961 /* DisplayTest.ch8 */ = {isa = PBXFileReference; lastKnownFileType = file; path = DisplayTest.ch8; sourceTree = "<group>"; };
		69F75ECA2C90AC6B00100B52 /* Chip8OperationParser.swift */ = {isa = PBXFileReference; lastKnownFileType = sourcecode.swift; path = Chip8OperationParser.swift; sourceTree = "<group>"; };
		69F75ECC2C90AECD00100B52 /* SystemExtensions.swift */ = {isa = PBXFileReference; lastKnownFileType = sourcecode.swift; path = SystemExtensions.swift; sourceTree = "<group>"; };
		69F75ECE2C90DBD200100B52 /* 7-beep.ch8 */ = {isa = PBXFileReference; lastKnownFileType = file; path = "7-beep.ch8"; sourceTree = "<group>"; };
/* End PBXFileReference section */

/* Begin PBXFrameworksBuildPhase section */
		693757762C062127003A84E2 /* Frameworks */ = {
			isa = PBXFrameworksBuildPhase;
			buildActionMask = 2147483647;
			files = (
			);
			runOnlyForDeploymentPostprocessing = 0;
		};
		693757872C062128003A84E2 /* Frameworks */ = {
			isa = PBXFrameworksBuildPhase;
			buildActionMask = 2147483647;
			files = (
			);
			runOnlyForDeploymentPostprocessing = 0;
		};
/* End PBXFrameworksBuildPhase section */

/* Begin PBXGroup section */
		693757702C062127003A84E2 = {
			isa = PBXGroup;
			children = (
				6937577B2C062127003A84E2 /* Chip8iEmulator */,
				6937578D2C062128003A84E2 /* Chip8iEmulatorTests */,
				6937577A2C062127003A84E2 /* Products */,
			);
			sourceTree = "<group>";
		};
		6937577A2C062127003A84E2 /* Products */ = {
			isa = PBXGroup;
			children = (
				693757792C062127003A84E2 /* Chip8iEmulator.app */,
				6937578A2C062128003A84E2 /* Chip8iEmulatorTests.xctest */,
			);
			name = Products;
			sourceTree = "<group>";
		};
		6937577B2C062127003A84E2 /* Chip8iEmulator */ = {
			isa = PBXGroup;
			children = (
				693757A92C062251003A84E2 /* Chip8EmuCore */,
				69EB30A22C17972A00B44961 /* Chip8Programs */,
				6937577C2C062127003A84E2 /* Chip8iEmulatorApp.swift */,
				6937577E2C062127003A84E2 /* ContentView.swift */,
				693757802C062128003A84E2 /* Assets.xcassets */,
				693757822C062128003A84E2 /* Chip8iEmulator.entitlements */,
				693757832C062128003A84E2 /* Preview Content */,
			);
			path = Chip8iEmulator;
			sourceTree = "<group>";
		};
		693757832C062128003A84E2 /* Preview Content */ = {
			isa = PBXGroup;
			children = (
				693757842C062128003A84E2 /* Preview Assets.xcassets */,
			);
			path = "Preview Content";
			sourceTree = "<group>";
		};
		6937578D2C062128003A84E2 /* Chip8iEmulatorTests */ = {
			isa = PBXGroup;
			children = (
				6937578E2C062128003A84E2 /* Chip8SystemTests.swift */,
			);
			path = Chip8iEmulatorTests;
			sourceTree = "<group>";
		};
		693757A92C062251003A84E2 /* Chip8EmuCore */ = {
			isa = PBXGroup;
			children = (
				69F75EC92C90AC4E00100B52 /* Chip8Operation */,
				693757A72C0621C7003A84E2 /* Chip8EmuCore.swift */,
				693757AA2C062289003A84E2 /* Chip8System.swift */,
				69B5B72E2C2A25DA00BBBAB7 /* Chip8System+Constants.swift */,
				69F75ECC2C90AECD00100B52 /* SystemExtensions.swift */,
			);
			path = Chip8EmuCore;
			sourceTree = "<group>";
		};
		69EB30A22C17972A00B44961 /* Chip8Programs */ = {
			isa = PBXGroup;
			children = (
				69F75ECE2C90DBD200100B52 /* 7-beep.ch8 */,
				696AA1D32C45D78600EEB4C6 /* test_opcode.ch8 */,
				69EB30A32C17974900B44961 /* DisplayTest.ch8 */,
			);
			path = Chip8Programs;
			sourceTree = "<group>";
		};
		69F75EC92C90AC4E00100B52 /* Chip8Operation */ = {
			isa = PBXGroup;
			children = (
				699366162C28D92600114AE9 /* Chip8Operation.swift */,
				69F75ECA2C90AC6B00100B52 /* Chip8OperationParser.swift */,
			);
			path = Chip8Operation;
			sourceTree = "<group>";
		};
/* End PBXGroup section */

/* Begin PBXNativeTarget section */
		693757782C062127003A84E2 /* Chip8iEmulator */ = {
			isa = PBXNativeTarget;
			buildConfigurationList = 6937579E2C062128003A84E2 /* Build configuration list for PBXNativeTarget "Chip8iEmulator" */;
			buildPhases = (
				693757752C062127003A84E2 /* Sources */,
				693757762C062127003A84E2 /* Frameworks */,
				693757772C062127003A84E2 /* Resources */,
			);
			buildRules = (
			);
			dependencies = (
			);
			name = Chip8iEmulator;
			productName = Chip8iEmulator;
			productReference = 693757792C062127003A84E2 /* Chip8iEmulator.app */;
			productType = "com.apple.product-type.application";
		};
		693757892C062128003A84E2 /* Chip8iEmulatorTests */ = {
			isa = PBXNativeTarget;
			buildConfigurationList = 693757A12C062128003A84E2 /* Build configuration list for PBXNativeTarget "Chip8iEmulatorTests" */;
			buildPhases = (
				693757862C062128003A84E2 /* Sources */,
				693757872C062128003A84E2 /* Frameworks */,
				693757882C062128003A84E2 /* Resources */,
			);
			buildRules = (
			);
			dependencies = (
				6937578C2C062128003A84E2 /* PBXTargetDependency */,
			);
			name = Chip8iEmulatorTests;
			productName = Chip8iEmulatorTests;
			productReference = 6937578A2C062128003A84E2 /* Chip8iEmulatorTests.xctest */;
			productType = "com.apple.product-type.bundle.unit-test";
		};
/* End PBXNativeTarget section */

/* Begin PBXProject section */
		693757712C062127003A84E2 /* Project object */ = {
			isa = PBXProject;
			attributes = {
				BuildIndependentTargetsInParallel = 1;
				LastSwiftUpdateCheck = 1500;
				LastUpgradeCheck = 1500;
				TargetAttributes = {
					693757782C062127003A84E2 = {
						CreatedOnToolsVersion = 15.0;
					};
					693757892C062128003A84E2 = {
						CreatedOnToolsVersion = 15.0;
					};
				};
			};
			buildConfigurationList = 693757742C062127003A84E2 /* Build configuration list for PBXProject "Chip8iEmulator" */;
			compatibilityVersion = "Xcode 14.0";
			developmentRegion = en;
			hasScannedForEncodings = 0;
			knownRegions = (
				en,
				Base,
			);
			mainGroup = 693757702C062127003A84E2;
			productRefGroup = 6937577A2C062127003A84E2 /* Products */;
			projectDirPath = "";
			projectRoot = "";
			targets = (
				693757782C062127003A84E2 /* Chip8iEmulator */,
				693757892C062128003A84E2 /* Chip8iEmulatorTests */,
			);
		};
/* End PBXProject section */

/* Begin PBXResourcesBuildPhase section */
		693757772C062127003A84E2 /* Resources */ = {
			isa = PBXResourcesBuildPhase;
			buildActionMask = 2147483647;
			files = (
				693757852C062128003A84E2 /* Preview Assets.xcassets in Resources */,
				696AA1D42C45D78600EEB4C6 /* test_opcode.ch8 in Resources */,
				69F75ECF2C90DBD200100B52 /* 7-beep.ch8 in Resources */,
				693757812C062128003A84E2 /* Assets.xcassets in Resources */,
				69EB30A42C17974900B44961 /* DisplayTest.ch8 in Resources */,
			);
			runOnlyForDeploymentPostprocessing = 0;
		};
		693757882C062128003A84E2 /* Resources */ = {
			isa = PBXResourcesBuildPhase;
			buildActionMask = 2147483647;
			files = (
				696AA1D52C45D78600EEB4C6 /* test_opcode.ch8 in Resources */,
			);
			runOnlyForDeploymentPostprocessing = 0;
		};
/* End PBXResourcesBuildPhase section */

/* Begin PBXSourcesBuildPhase section */
		693757752C062127003A84E2 /* Sources */ = {
			isa = PBXSourcesBuildPhase;
			buildActionMask = 2147483647;
			files = (
				699366172C28D92600114AE9 /* Chip8Operation.swift in Sources */,
				693757AB2C062289003A84E2 /* Chip8System.swift in Sources */,
				69EB30982C1781B900B44961 /* ContentView.swift in Sources */,
				69F75ECD2C90AECD00100B52 /* SystemExtensions.swift in Sources */,
				6937577D2C062127003A84E2 /* Chip8iEmulatorApp.swift in Sources */,
				69B5B72F2C2A25DA00BBBAB7 /* Chip8System+Constants.swift in Sources */,
				693757A82C0621C7003A84E2 /* Chip8EmuCore.swift in Sources */,
				69F75ECB2C90AC6B00100B52 /* Chip8OperationParser.swift in Sources */,
			);
			runOnlyForDeploymentPostprocessing = 0;
		};
		693757862C062128003A84E2 /* Sources */ = {
			isa = PBXSourcesBuildPhase;
			buildActionMask = 2147483647;
			files = (
				698EDA332C4C23E900AB70C2 /* Chip8Operation.swift in Sources */,
				6937578F2C062128003A84E2 /* Chip8SystemTests.swift in Sources */,
				698EDA2F2C4C23DC00AB70C2 /* Chip8EmuCore.swift in Sources */,
				698EDA302C4C23DF00AB70C2 /* Chip8System.swift in Sources */,
				698EDA312C4C23E200AB70C2 /* Chip8System+Constants.swift in Sources */,
			);
			runOnlyForDeploymentPostprocessing = 0;
		};
/* End PBXSourcesBuildPhase section */

/* Begin PBXTargetDependency section */
		6937578C2C062128003A84E2 /* PBXTargetDependency */ = {
			isa = PBXTargetDependency;
			target = 693757782C062127003A84E2 /* Chip8iEmulator */;
			targetProxy = 6937578B2C062128003A84E2 /* PBXContainerItemProxy */;
		};
/* End PBXTargetDependency section */

/* Begin XCBuildConfiguration section */
		6937579C2C062128003A84E2 /* Debug */ = {
			isa = XCBuildConfiguration;
			buildSettings = {
				ALWAYS_SEARCH_USER_PATHS = NO;
				ASSETCATALOG_COMPILER_GENERATE_SWIFT_ASSET_SYMBOL_EXTENSIONS = YES;
				CLANG_ANALYZER_NONNULL = YES;
				CLANG_ANALYZER_NUMBER_OBJECT_CONVERSION = YES_AGGRESSIVE;
				CLANG_CXX_LANGUAGE_STANDARD = "gnu++20";
				CLANG_ENABLE_MODULES = YES;
				CLANG_ENABLE_OBJC_ARC = YES;
				CLANG_ENABLE_OBJC_WEAK = YES;
				CLANG_WARN_BLOCK_CAPTURE_AUTORELEASING = YES;
				CLANG_WARN_BOOL_CONVERSION = YES;
				CLANG_WARN_COMMA = YES;
				CLANG_WARN_CONSTANT_CONVERSION = YES;
				CLANG_WARN_DEPRECATED_OBJC_IMPLEMENTATIONS = YES;
				CLANG_WARN_DIRECT_OBJC_ISA_USAGE = YES_ERROR;
				CLANG_WARN_DOCUMENTATION_COMMENTS = YES;
				CLANG_WARN_EMPTY_BODY = YES;
				CLANG_WARN_ENUM_CONVERSION = YES;
				CLANG_WARN_INFINITE_RECURSION = YES;
				CLANG_WARN_INT_CONVERSION = YES;
				CLANG_WARN_NON_LITERAL_NULL_CONVERSION = YES;
				CLANG_WARN_OBJC_IMPLICIT_RETAIN_SELF = YES;
				CLANG_WARN_OBJC_LITERAL_CONVERSION = YES;
				CLANG_WARN_OBJC_ROOT_CLASS = YES_ERROR;
				CLANG_WARN_QUOTED_INCLUDE_IN_FRAMEWORK_HEADER = YES;
				CLANG_WARN_RANGE_LOOP_ANALYSIS = YES;
				CLANG_WARN_STRICT_PROTOTYPES = YES;
				CLANG_WARN_SUSPICIOUS_MOVE = YES;
				CLANG_WARN_UNGUARDED_AVAILABILITY = YES_AGGRESSIVE;
				CLANG_WARN_UNREACHABLE_CODE = YES;
				CLANG_WARN__DUPLICATE_METHOD_MATCH = YES;
				COPY_PHASE_STRIP = NO;
				DEBUG_INFORMATION_FORMAT = dwarf;
				ENABLE_STRICT_OBJC_MSGSEND = YES;
				ENABLE_TESTABILITY = YES;
				ENABLE_USER_SCRIPT_SANDBOXING = YES;
				GCC_C_LANGUAGE_STANDARD = gnu17;
				GCC_DYNAMIC_NO_PIC = NO;
				GCC_NO_COMMON_BLOCKS = YES;
				GCC_OPTIMIZATION_LEVEL = 0;
				GCC_PREPROCESSOR_DEFINITIONS = (
					"DEBUG=1",
					"$(inherited)",
				);
				GCC_WARN_64_TO_32_BIT_CONVERSION = YES;
				GCC_WARN_ABOUT_RETURN_TYPE = YES_ERROR;
				GCC_WARN_UNDECLARED_SELECTOR = YES;
				GCC_WARN_UNINITIALIZED_AUTOS = YES_AGGRESSIVE;
				GCC_WARN_UNUSED_FUNCTION = YES;
				GCC_WARN_UNUSED_VARIABLE = YES;
				LOCALIZATION_PREFERS_STRING_CATALOGS = YES;
				MTL_ENABLE_DEBUG_INFO = INCLUDE_SOURCE;
				MTL_FAST_MATH = YES;
				ONLY_ACTIVE_ARCH = YES;
				SWIFT_ACTIVE_COMPILATION_CONDITIONS = "DEBUG $(inherited)";
				SWIFT_OPTIMIZATION_LEVEL = "-Onone";
			};
			name = Debug;
		};
		6937579D2C062128003A84E2 /* Release */ = {
			isa = XCBuildConfiguration;
			buildSettings = {
				ALWAYS_SEARCH_USER_PATHS = NO;
				ASSETCATALOG_COMPILER_GENERATE_SWIFT_ASSET_SYMBOL_EXTENSIONS = YES;
				CLANG_ANALYZER_NONNULL = YES;
				CLANG_ANALYZER_NUMBER_OBJECT_CONVERSION = YES_AGGRESSIVE;
				CLANG_CXX_LANGUAGE_STANDARD = "gnu++20";
				CLANG_ENABLE_MODULES = YES;
				CLANG_ENABLE_OBJC_ARC = YES;
				CLANG_ENABLE_OBJC_WEAK = YES;
				CLANG_WARN_BLOCK_CAPTURE_AUTORELEASING = YES;
				CLANG_WARN_BOOL_CONVERSION = YES;
				CLANG_WARN_COMMA = YES;
				CLANG_WARN_CONSTANT_CONVERSION = YES;
				CLANG_WARN_DEPRECATED_OBJC_IMPLEMENTATIONS = YES;
				CLANG_WARN_DIRECT_OBJC_ISA_USAGE = YES_ERROR;
				CLANG_WARN_DOCUMENTATION_COMMENTS = YES;
				CLANG_WARN_EMPTY_BODY = YES;
				CLANG_WARN_ENUM_CONVERSION = YES;
				CLANG_WARN_INFINITE_RECURSION = YES;
				CLANG_WARN_INT_CONVERSION = YES;
				CLANG_WARN_NON_LITERAL_NULL_CONVERSION = YES;
				CLANG_WARN_OBJC_IMPLICIT_RETAIN_SELF = YES;
				CLANG_WARN_OBJC_LITERAL_CONVERSION = YES;
				CLANG_WARN_OBJC_ROOT_CLASS = YES_ERROR;
				CLANG_WARN_QUOTED_INCLUDE_IN_FRAMEWORK_HEADER = YES;
				CLANG_WARN_RANGE_LOOP_ANALYSIS = YES;
				CLANG_WARN_STRICT_PROTOTYPES = YES;
				CLANG_WARN_SUSPICIOUS_MOVE = YES;
				CLANG_WARN_UNGUARDED_AVAILABILITY = YES_AGGRESSIVE;
				CLANG_WARN_UNREACHABLE_CODE = YES;
				CLANG_WARN__DUPLICATE_METHOD_MATCH = YES;
				COPY_PHASE_STRIP = NO;
				DEBUG_INFORMATION_FORMAT = "dwarf-with-dsym";
				ENABLE_NS_ASSERTIONS = NO;
				ENABLE_STRICT_OBJC_MSGSEND = YES;
				ENABLE_USER_SCRIPT_SANDBOXING = YES;
				GCC_C_LANGUAGE_STANDARD = gnu17;
				GCC_NO_COMMON_BLOCKS = YES;
				GCC_WARN_64_TO_32_BIT_CONVERSION = YES;
				GCC_WARN_ABOUT_RETURN_TYPE = YES_ERROR;
				GCC_WARN_UNDECLARED_SELECTOR = YES;
				GCC_WARN_UNINITIALIZED_AUTOS = YES_AGGRESSIVE;
				GCC_WARN_UNUSED_FUNCTION = YES;
				GCC_WARN_UNUSED_VARIABLE = YES;
				LOCALIZATION_PREFERS_STRING_CATALOGS = YES;
				MTL_ENABLE_DEBUG_INFO = NO;
				MTL_FAST_MATH = YES;
				SWIFT_COMPILATION_MODE = wholemodule;
			};
			name = Release;
		};
		6937579F2C062128003A84E2 /* Debug */ = {
			isa = XCBuildConfiguration;
			buildSettings = {
				ASSETCATALOG_COMPILER_APPICON_NAME = AppIcon;
				ASSETCATALOG_COMPILER_GLOBAL_ACCENT_COLOR_NAME = AccentColor;
				CODE_SIGN_ENTITLEMENTS = Chip8iEmulator/Chip8iEmulator.entitlements;
				CODE_SIGN_STYLE = Automatic;
				CURRENT_PROJECT_VERSION = 1;
				DEVELOPMENT_ASSET_PATHS = "\"Chip8iEmulator/Preview Content\"";
				DEVELOPMENT_TEAM = 86QW5F5W3D;
				ENABLE_HARDENED_RUNTIME = YES;
				ENABLE_PREVIEWS = YES;
				GENERATE_INFOPLIST_FILE = YES;
				"INFOPLIST_KEY_UIApplicationSceneManifest_Generation[sdk=iphoneos*]" = YES;
				"INFOPLIST_KEY_UIApplicationSceneManifest_Generation[sdk=iphonesimulator*]" = YES;
				"INFOPLIST_KEY_UIApplicationSupportsIndirectInputEvents[sdk=iphoneos*]" = YES;
				"INFOPLIST_KEY_UIApplicationSupportsIndirectInputEvents[sdk=iphonesimulator*]" = YES;
				"INFOPLIST_KEY_UILaunchScreen_Generation[sdk=iphoneos*]" = YES;
				"INFOPLIST_KEY_UILaunchScreen_Generation[sdk=iphonesimulator*]" = YES;
				"INFOPLIST_KEY_UIStatusBarStyle[sdk=iphoneos*]" = UIStatusBarStyleDefault;
				"INFOPLIST_KEY_UIStatusBarStyle[sdk=iphonesimulator*]" = UIStatusBarStyleDefault;
				INFOPLIST_KEY_UISupportedInterfaceOrientations = UIInterfaceOrientationPortrait;
				IPHONEOS_DEPLOYMENT_TARGET = 17.0;
				LD_RUNPATH_SEARCH_PATHS = "@executable_path/Frameworks";
				"LD_RUNPATH_SEARCH_PATHS[sdk=macosx*]" = "@executable_path/../Frameworks";
				MACOSX_DEPLOYMENT_TARGET = 14.0;
				MARKETING_VERSION = 1.0;
				PRODUCT_BUNDLE_IDENTIFIER = stracenski.Chip8iEmulator;
				PRODUCT_NAME = "$(TARGET_NAME)";
				SDKROOT = auto;
				SUPPORTED_PLATFORMS = "iphoneos iphonesimulator macosx";
				SWIFT_EMIT_LOC_STRINGS = YES;
				SWIFT_VERSION = 5.0;
				TARGETED_DEVICE_FAMILY = "1,2";
			};
			name = Debug;
		};
		693757A02C062128003A84E2 /* Release */ = {
			isa = XCBuildConfiguration;
			buildSettings = {
				ASSETCATALOG_COMPILER_APPICON_NAME = AppIcon;
				ASSETCATALOG_COMPILER_GLOBAL_ACCENT_COLOR_NAME = AccentColor;
				CODE_SIGN_ENTITLEMENTS = Chip8iEmulator/Chip8iEmulator.entitlements;
				CODE_SIGN_STYLE = Automatic;
				CURRENT_PROJECT_VERSION = 1;
				DEVELOPMENT_ASSET_PATHS = "\"Chip8iEmulator/Preview Content\"";
				DEVELOPMENT_TEAM = 86QW5F5W3D;
				ENABLE_HARDENED_RUNTIME = YES;
				ENABLE_PREVIEWS = YES;
				GENERATE_INFOPLIST_FILE = YES;
				"INFOPLIST_KEY_UIApplicationSceneManifest_Generation[sdk=iphoneos*]" = YES;
				"INFOPLIST_KEY_UIApplicationSceneManifest_Generation[sdk=iphonesimulator*]" = YES;
				"INFOPLIST_KEY_UIApplicationSupportsIndirectInputEvents[sdk=iphoneos*]" = YES;
				"INFOPLIST_KEY_UIApplicationSupportsIndirectInputEvents[sdk=iphonesimulator*]" = YES;
				"INFOPLIST_KEY_UILaunchScreen_Generation[sdk=iphoneos*]" = YES;
				"INFOPLIST_KEY_UILaunchScreen_Generation[sdk=iphonesimulator*]" = YES;
				"INFOPLIST_KEY_UIStatusBarStyle[sdk=iphoneos*]" = UIStatusBarStyleDefault;
				"INFOPLIST_KEY_UIStatusBarStyle[sdk=iphonesimulator*]" = UIStatusBarStyleDefault;
				INFOPLIST_KEY_UISupportedInterfaceOrientations = UIInterfaceOrientationPortrait;
				IPHONEOS_DEPLOYMENT_TARGET = 17.0;
				LD_RUNPATH_SEARCH_PATHS = "@executable_path/Frameworks";
				"LD_RUNPATH_SEARCH_PATHS[sdk=macosx*]" = "@executable_path/../Frameworks";
				MACOSX_DEPLOYMENT_TARGET = 14.0;
				MARKETING_VERSION = 1.0;
				PRODUCT_BUNDLE_IDENTIFIER = stracenski.Chip8iEmulator;
				PRODUCT_NAME = "$(TARGET_NAME)";
				SDKROOT = auto;
				SUPPORTED_PLATFORMS = "iphoneos iphonesimulator macosx";
				SWIFT_EMIT_LOC_STRINGS = YES;
				SWIFT_VERSION = 5.0;
				TARGETED_DEVICE_FAMILY = "1,2";
			};
			name = Release;
		};
		693757A22C062128003A84E2 /* Debug */ = {
			isa = XCBuildConfiguration;
			buildSettings = {
				ALWAYS_EMBED_SWIFT_STANDARD_LIBRARIES = YES;
				CODE_SIGN_STYLE = Automatic;
				CURRENT_PROJECT_VERSION = 1;
				DEVELOPMENT_TEAM = 86QW5F5W3D;
				GENERATE_INFOPLIST_FILE = YES;
				IPHONEOS_DEPLOYMENT_TARGET = 17.0;
				MACOSX_DEPLOYMENT_TARGET = 14.0;
				MARKETING_VERSION = 1.0;
				PRODUCT_BUNDLE_IDENTIFIER = stracenski.Chip8iEmulatorTests;
				PRODUCT_NAME = "$(TARGET_NAME)";
				SDKROOT = auto;
				SUPPORTED_PLATFORMS = "iphoneos iphonesimulator macosx";
				SWIFT_EMIT_LOC_STRINGS = NO;
				SWIFT_VERSION = 5.0;
				TARGETED_DEVICE_FAMILY = "1,2";
			};
			name = Debug;
		};
		693757A32C062128003A84E2 /* Release */ = {
			isa = XCBuildConfiguration;
			buildSettings = {
				ALWAYS_EMBED_SWIFT_STANDARD_LIBRARIES = YES;
				CODE_SIGN_STYLE = Automatic;
				CURRENT_PROJECT_VERSION = 1;
				DEVELOPMENT_TEAM = 86QW5F5W3D;
				GENERATE_INFOPLIST_FILE = YES;
				IPHONEOS_DEPLOYMENT_TARGET = 17.0;
				MACOSX_DEPLOYMENT_TARGET = 14.0;
				MARKETING_VERSION = 1.0;
				PRODUCT_BUNDLE_IDENTIFIER = stracenski.Chip8iEmulatorTests;
				PRODUCT_NAME = "$(TARGET_NAME)";
				SDKROOT = auto;
				SUPPORTED_PLATFORMS = "iphoneos iphonesimulator macosx";
				SWIFT_EMIT_LOC_STRINGS = NO;
				SWIFT_VERSION = 5.0;
				TARGETED_DEVICE_FAMILY = "1,2";
			};
			name = Release;
		};
/* End XCBuildConfiguration section */

/* Begin XCConfigurationList section */
		693757742C062127003A84E2 /* Build configuration list for PBXProject "Chip8iEmulator" */ = {
			isa = XCConfigurationList;
			buildConfigurations = (
				6937579C2C062128003A84E2 /* Debug */,
				6937579D2C062128003A84E2 /* Release */,
			);
			defaultConfigurationIsVisible = 0;
			defaultConfigurationName = Release;
		};
		6937579E2C062128003A84E2 /* Build configuration list for PBXNativeTarget "Chip8iEmulator" */ = {
			isa = XCConfigurationList;
			buildConfigurations = (
				6937579F2C062128003A84E2 /* Debug */,
				693757A02C062128003A84E2 /* Release */,
			);
			defaultConfigurationIsVisible = 0;
			defaultConfigurationName = Release;
		};
		693757A12C062128003A84E2 /* Build configuration list for PBXNativeTarget "Chip8iEmulatorTests" */ = {
			isa = XCConfigurationList;
			buildConfigurations = (
				693757A22C062128003A84E2 /* Debug */,
				693757A32C062128003A84E2 /* Release */,
			);
			defaultConfigurationIsVisible = 0;
			defaultConfigurationName = Release;
		};
/* End XCConfigurationList section */
	};
	rootObject = 693757712C062127003A84E2 /* Project object */;
}
